
Microsoft Visual Studio Solution File, Format Version 12.00
# Visual Studio Version 16
VisualStudioVersion = 16.0.28803.202
MinimumVisualStudioVersion = 10.0.40219.1
Project("{FAE04EC0-301F-11D3-BF4B-00C04F79EFBC}") = "LibraryDataModule", "LibraryDataModule\LibraryDataModule.csproj", "{5E9EA2E0-4C23-401F-AF3D-A7F3E3354F1B}"
EndProject
Global
	GlobalSection(SolutionConfigurationPlatforms) = preSolution
		Debug|Any CPU = Debug|Any CPU
		Release|Any CPU = Release|Any CPU
	EndGlobalSection
	GlobalSection(ProjectConfigurationPlatforms) = postSolution
		{5E9EA2E0-4C23-401F-AF3D-A7F3E3354F1B}.Debug|Any CPU.ActiveCfg = Debug|Any CPU
		{5E9EA2E0-4C23-401F-AF3D-A7F3E3354F1B}.Debug|Any CPU.Build.0 = Debug|Any CPU
		{5E9EA2E0-4C23-401F-AF3D-A7F3E3354F1B}.Release|Any CPU.ActiveCfg = Release|Any CPU
		{5E9EA2E0-4C23-401F-AF3D-A7F3E3354F1B}.Release|Any CPU.Build.0 = Release|Any CPU
	EndGlobalSection
	GlobalSection(SolutionProperties) = preSolution
		HideSolutionNode = FALSE
	EndGlobalSection
	GlobalSection(ExtensibilityGlobals) = postSolution
		SolutionGuid = {7758DB1F-CBC8-40C6-951D-E9E2CB7CD0A2}
	EndGlobalSection
EndGlobal
